
Microsoft Visual Studio Solution File, Format Version 12.00
# Visual Studio Version 16
VisualStudioVersion = 16.0.30413.136
MinimumVisualStudioVersion = 10.0.40219.1
Project("{FAE04EC0-301F-11D3-BF4B-00C04F79EFBC}") = "Exercise 1", "Exercise 1.csproj", "{3B84BBBD-D5E8-491C-ADF5-B7DFACB75779}"
EndProject
Project("{FAE04EC0-301F-11D3-BF4B-00C04F79EFBC}") = "Exercise 3", "..\Exercise 3\Exercise 3.csproj", "{CB840B75-C0FE-4B8A-A81B-94DAB4841C07}"
EndProject
Project("{FAE04EC0-301F-11D3-BF4B-00C04F79EFBC}") = "Exercise 4", "..\Exercise 4\Exercise 4.csproj", "{F8087F8E-E6FF-41CB-A834-16DF1FDEB41B}"
EndProject
Project("{FAE04EC0-301F-11D3-BF4B-00C04F79EFBC}") = "Exercise 2", "..\Exercise 2\Exercise 2.csproj", "{AAB76AB6-7E8B-4EBE-9E38-43C9F60A98C7}"
EndProject
Global
	GlobalSection(SolutionConfigurationPlatforms) = preSolution
		Debug|Any CPU = Debug|Any CPU
		Release|Any CPU = Release|Any CPU
	EndGlobalSection
	GlobalSection(ProjectConfigurationPlatforms) = postSolution
		{3B84BBBD-D5E8-491C-ADF5-B7DFACB75779}.Debug|Any CPU.ActiveCfg = Debug|Any CPU
		{3B84BBBD-D5E8-491C-ADF5-B7DFACB75779}.Debug|Any CPU.Build.0 = Debug|Any CPU
		{3B84BBBD-D5E8-491C-ADF5-B7DFACB75779}.Release|Any CPU.ActiveCfg = Release|Any CPU
		{3B84BBBD-D5E8-491C-ADF5-B7DFACB75779}.Release|Any CPU.Build.0 = Release|Any CPU
		{CB840B75-C0FE-4B8A-A81B-94DAB4841C07}.Debug|Any CPU.ActiveCfg = Debug|Any CPU
		{CB840B75-C0FE-4B8A-A81B-94DAB4841C07}.Debug|Any CPU.Build.0 = Debug|Any CPU
		{CB840B75-C0FE-4B8A-A81B-94DAB4841C07}.Release|Any CPU.ActiveCfg = Release|Any CPU
		{CB840B75-C0FE-4B8A-A81B-94DAB4841C07}.Release|Any CPU.Build.0 = Release|Any CPU
		{F8087F8E-E6FF-41CB-A834-16DF1FDEB41B}.Debug|Any CPU.ActiveCfg = Debug|Any CPU
		{F8087F8E-E6FF-41CB-A834-16DF1FDEB41B}.Debug|Any CPU.Build.0 = Debug|Any CPU
		{F8087F8E-E6FF-41CB-A834-16DF1FDEB41B}.Release|Any CPU.ActiveCfg = Release|Any CPU
		{F8087F8E-E6FF-41CB-A834-16DF1FDEB41B}.Release|Any CPU.Build.0 = Release|Any CPU
		{AAB76AB6-7E8B-4EBE-9E38-43C9F60A98C7}.Debug|Any CPU.ActiveCfg = Debug|Any CPU
		{AAB76AB6-7E8B-4EBE-9E38-43C9F60A98C7}.Debug|Any CPU.Build.0 = Debug|Any CPU
		{AAB76AB6-7E8B-4EBE-9E38-43C9F60A98C7}.Release|Any CPU.ActiveCfg = Release|Any CPU
		{AAB76AB6-7E8B-4EBE-9E38-43C9F60A98C7}.Release|Any CPU.Build.0 = Release|Any CPU
	EndGlobalSection
	GlobalSection(SolutionProperties) = preSolution
		HideSolutionNode = FALSE
	EndGlobalSection
	GlobalSection(ExtensibilityGlobals) = postSolution
		SolutionGuid = {C8167EF8-FE22-4F48-858A-95870A543723}
	EndGlobalSection
EndGlobal
