
Microsoft Visual Studio Solution File, Format Version 12.00
# Visual Studio Version 16
VisualStudioVersion = 16.0.30413.136
MinimumVisualStudioVersion = 10.0.40219.1
Project("{FAE04EC0-301F-11D3-BF4B-00C04F79EFBC}") = "Exercise 1", "Exercise 1.csproj", "{0AF62DAE-B01E-4F80-B17E-1238F6839634}"
EndProject
Project("{FAE04EC0-301F-11D3-BF4B-00C04F79EFBC}") = "Exercise 2", "..\Exercise 2\Exercise 2.csproj", "{E61D7114-B088-4606-88A7-78F45FDAF5F1}"
EndProject
Project("{FAE04EC0-301F-11D3-BF4B-00C04F79EFBC}") = "Exercise 3", "..\Exercise 3\Exercise 3.csproj", "{C0282B15-5B52-4C27-9C7C-E66A0CD387A1}"
EndProject
Project("{FAE04EC0-301F-11D3-BF4B-00C04F79EFBC}") = "Exercise 4", "..\Exercise 4\Exercise 4.csproj", "{D9F30795-F46B-4527-ADDB-624F125410CD}"
EndProject
Project("{FAE04EC0-301F-11D3-BF4B-00C04F79EFBC}") = "Exercise 5", "..\Exercise 5\Exercise 5.csproj", "{3108EA1D-DEDB-4D54-82BC-3A656E4FA490}"
EndProject
Project("{FAE04EC0-301F-11D3-BF4B-00C04F79EFBC}") = "Exercise 6", "..\Exercise 6\Exercise 6.csproj", "{1B1544A6-2949-4403-B8F0-770CDA1100B8}"
EndProject
Project("{FAE04EC0-301F-11D3-BF4B-00C04F79EFBC}") = "Exercise 7", "..\Exercise 7\Exercise 7.csproj", "{C064D337-5735-4E70-A2FA-32ADE9A2A03B}"
EndProject
Global
	GlobalSection(SolutionConfigurationPlatforms) = preSolution
		Debug|Any CPU = Debug|Any CPU
		Release|Any CPU = Release|Any CPU
	EndGlobalSection
	GlobalSection(ProjectConfigurationPlatforms) = postSolution
		{0AF62DAE-B01E-4F80-B17E-1238F6839634}.Debug|Any CPU.ActiveCfg = Debug|Any CPU
		{0AF62DAE-B01E-4F80-B17E-1238F6839634}.Debug|Any CPU.Build.0 = Debug|Any CPU
		{0AF62DAE-B01E-4F80-B17E-1238F6839634}.Release|Any CPU.ActiveCfg = Release|Any CPU
		{0AF62DAE-B01E-4F80-B17E-1238F6839634}.Release|Any CPU.Build.0 = Release|Any CPU
		{E61D7114-B088-4606-88A7-78F45FDAF5F1}.Debug|Any CPU.ActiveCfg = Debug|Any CPU
		{E61D7114-B088-4606-88A7-78F45FDAF5F1}.Debug|Any CPU.Build.0 = Debug|Any CPU
		{E61D7114-B088-4606-88A7-78F45FDAF5F1}.Release|Any CPU.ActiveCfg = Release|Any CPU
		{E61D7114-B088-4606-88A7-78F45FDAF5F1}.Release|Any CPU.Build.0 = Release|Any CPU
		{C0282B15-5B52-4C27-9C7C-E66A0CD387A1}.Debug|Any CPU.ActiveCfg = Debug|Any CPU
		{C0282B15-5B52-4C27-9C7C-E66A0CD387A1}.Debug|Any CPU.Build.0 = Debug|Any CPU
		{C0282B15-5B52-4C27-9C7C-E66A0CD387A1}.Release|Any CPU.ActiveCfg = Release|Any CPU
		{C0282B15-5B52-4C27-9C7C-E66A0CD387A1}.Release|Any CPU.Build.0 = Release|Any CPU
		{D9F30795-F46B-4527-ADDB-624F125410CD}.Debug|Any CPU.ActiveCfg = Debug|Any CPU
		{D9F30795-F46B-4527-ADDB-624F125410CD}.Debug|Any CPU.Build.0 = Debug|Any CPU
		{D9F30795-F46B-4527-ADDB-624F125410CD}.Release|Any CPU.ActiveCfg = Release|Any CPU
		{D9F30795-F46B-4527-ADDB-624F125410CD}.Release|Any CPU.Build.0 = Release|Any CPU
		{3108EA1D-DEDB-4D54-82BC-3A656E4FA490}.Debug|Any CPU.ActiveCfg = Debug|Any CPU
		{3108EA1D-DEDB-4D54-82BC-3A656E4FA490}.Debug|Any CPU.Build.0 = Debug|Any CPU
		{3108EA1D-DEDB-4D54-82BC-3A656E4FA490}.Release|Any CPU.ActiveCfg = Release|Any CPU
		{3108EA1D-DEDB-4D54-82BC-3A656E4FA490}.Release|Any CPU.Build.0 = Release|Any CPU
		{1B1544A6-2949-4403-B8F0-770CDA1100B8}.Debug|Any CPU.ActiveCfg = Debug|Any CPU
		{1B1544A6-2949-4403-B8F0-770CDA1100B8}.Debug|Any CPU.Build.0 = Debug|Any CPU
		{1B1544A6-2949-4403-B8F0-770CDA1100B8}.Release|Any CPU.ActiveCfg = Release|Any CPU
		{1B1544A6-2949-4403-B8F0-770CDA1100B8}.Release|Any CPU.Build.0 = Release|Any CPU
		{C064D337-5735-4E70-A2FA-32ADE9A2A03B}.Debug|Any CPU.ActiveCfg = Debug|Any CPU
		{C064D337-5735-4E70-A2FA-32ADE9A2A03B}.Debug|Any CPU.Build.0 = Debug|Any CPU
		{C064D337-5735-4E70-A2FA-32ADE9A2A03B}.Release|Any CPU.ActiveCfg = Release|Any CPU
		{C064D337-5735-4E70-A2FA-32ADE9A2A03B}.Release|Any CPU.Build.0 = Release|Any CPU
	EndGlobalSection
	GlobalSection(SolutionProperties) = preSolution
		HideSolutionNode = FALSE
	EndGlobalSection
	GlobalSection(ExtensibilityGlobals) = postSolution
		SolutionGuid = {9015529E-49E0-4013-8959-34753621579E}
	EndGlobalSection
EndGlobal
